
Microsoft Visual Studio Solution File, Format Version 12.00
# Visual Studio Version 17
VisualStudioVersion = 17.3.32825.248
MinimumVisualStudioVersion = 10.0.40219.1
Project("{9A19103F-16F7-4668-BE54-9A1E7A4F7556}") = "BianCore", "BianCore.csproj", "{A0941223-5C7D-4922-8B43-A1F7A03130E1}"
EndProject
Project("{9A19103F-16F7-4668-BE54-9A1E7A4F7556}") = "ConsoleApp1", "..\ConsoleApp1\ConsoleApp1.csproj", "{221D1A6A-86EB-4787-AF49-E276D6DCD637}"
EndProject
Global
	GlobalSection(SolutionConfigurationPlatforms) = preSolution
		Debug|Any CPU = Debug|Any CPU
		Release|Any CPU = Release|Any CPU
	EndGlobalSection
	GlobalSection(ProjectConfigurationPlatforms) = postSolution
		{A0941223-5C7D-4922-8B43-A1F7A03130E1}.Debug|Any CPU.ActiveCfg = Debug|Any CPU
		{A0941223-5C7D-4922-8B43-A1F7A03130E1}.Debug|Any CPU.Build.0 = Debug|Any CPU
		{A0941223-5C7D-4922-8B43-A1F7A03130E1}.Release|Any CPU.ActiveCfg = Release|Any CPU
		{A0941223-5C7D-4922-8B43-A1F7A03130E1}.Release|Any CPU.Build.0 = Release|Any CPU
		{221D1A6A-86EB-4787-AF49-E276D6DCD637}.Debug|Any CPU.ActiveCfg = Debug|Any CPU
		{221D1A6A-86EB-4787-AF49-E276D6DCD637}.Debug|Any CPU.Build.0 = Debug|Any CPU
		{221D1A6A-86EB-4787-AF49-E276D6DCD637}.Release|Any CPU.ActiveCfg = Release|Any CPU
		{221D1A6A-86EB-4787-AF49-E276D6DCD637}.Release|Any CPU.Build.0 = Release|Any CPU
	EndGlobalSection
	GlobalSection(SolutionProperties) = preSolution
		HideSolutionNode = FALSE
	EndGlobalSection
	GlobalSection(ExtensibilityGlobals) = postSolution
		SolutionGuid = {764E72C8-4F38-4EA0-B379-3940CFF54C5A}
	EndGlobalSection
EndGlobal
