
Microsoft Visual Studio Solution File, Format Version 12.00
# Visual Studio Version 17
VisualStudioVersion = 17.3.32825.248
MinimumVisualStudioVersion = 10.0.40219.1
Project("{9A19103F-16F7-4668-BE54-9A1E7A4F7556}") = "BianCore.Network", "BianCore.Network\BianCore.Network.csproj", "{2547238B-6D74-4F11-B057-3FFF138CDA10}"
	ProjectSection(ProjectDependencies) = postProject
		{78C961D6-FC46-4438-B960-27F3A2508845} = {78C961D6-FC46-4438-B960-27F3A2508845}
	EndProjectSection
EndProject
Project("{9A19103F-16F7-4668-BE54-9A1E7A4F7556}") = "BianCore", "BianCore\BianCore.csproj", "{78C961D6-FC46-4438-B960-27F3A2508845}"
EndProject
Global
	GlobalSection(SolutionConfigurationPlatforms) = preSolution
		Debug|Any CPU = Debug|Any CPU
		Release|Any CPU = Release|Any CPU
	EndGlobalSection
	GlobalSection(ProjectConfigurationPlatforms) = postSolution
		{2547238B-6D74-4F11-B057-3FFF138CDA10}.Debug|Any CPU.ActiveCfg = Debug|Any CPU
		{2547238B-6D74-4F11-B057-3FFF138CDA10}.Debug|Any CPU.Build.0 = Debug|Any CPU
		{2547238B-6D74-4F11-B057-3FFF138CDA10}.Release|Any CPU.ActiveCfg = Release|Any CPU
		{2547238B-6D74-4F11-B057-3FFF138CDA10}.Release|Any CPU.Build.0 = Release|Any CPU
		{78C961D6-FC46-4438-B960-27F3A2508845}.Debug|Any CPU.ActiveCfg = Debug|Any CPU
		{78C961D6-FC46-4438-B960-27F3A2508845}.Debug|Any CPU.Build.0 = Debug|Any CPU
		{78C961D6-FC46-4438-B960-27F3A2508845}.Release|Any CPU.ActiveCfg = Release|Any CPU
		{78C961D6-FC46-4438-B960-27F3A2508845}.Release|Any CPU.Build.0 = Release|Any CPU
	EndGlobalSection
	GlobalSection(SolutionProperties) = preSolution
		HideSolutionNode = FALSE
	EndGlobalSection
	GlobalSection(ExtensibilityGlobals) = postSolution
		SolutionGuid = {764E72C8-4F38-4EA0-B379-3940CFF54C5A}
	EndGlobalSection
EndGlobal
